
Microsoft Visual Studio Solution File, Format Version 12.00
# Visual Studio Version 17
VisualStudioVersion = 17.4.33110.190
MinimumVisualStudioVersion = 10.0.40219.1
Project("{FAE04EC0-301F-11D3-BF4B-00C04F79EFBC}") = "AA2WebApiNet6", "AA2WebApiNet6\AA2WebApiNet6.csproj", "{02154730-EFEE-4068-BF97-EBC92D5B9063}"
EndProject
Global
	GlobalSection(SolutionConfigurationPlatforms) = preSolution
		Debug|Any CPU = Debug|Any CPU
		Release|Any CPU = Release|Any CPU
	EndGlobalSection
	GlobalSection(ProjectConfigurationPlatforms) = postSolution
		{02154730-EFEE-4068-BF97-EBC92D5B9063}.Debug|Any CPU.ActiveCfg = Debug|Any CPU
		{02154730-EFEE-4068-BF97-EBC92D5B9063}.Debug|Any CPU.Build.0 = Debug|Any CPU
		{02154730-EFEE-4068-BF97-EBC92D5B9063}.Release|Any CPU.ActiveCfg = Release|Any CPU
		{02154730-EFEE-4068-BF97-EBC92D5B9063}.Release|Any CPU.Build.0 = Release|Any CPU
	EndGlobalSection
	GlobalSection(SolutionProperties) = preSolution
		HideSolutionNode = FALSE
	EndGlobalSection
	GlobalSection(ExtensibilityGlobals) = postSolution
		SolutionGuid = {D3BCC3EF-DEA6-4395-BFF9-5749FBA7FB6A}
	EndGlobalSection
EndGlobal
